{
  "schema_version": 1,
  "lock_id": "blake3:c8f51f5873223c8516eeb5bdae9b0dc25f0ea8ed5d532bfe142568f49d1b066b",
  "features": {},
  "resolution": {},
  "contract": {},
  "binding": {},
  "policy": {},
  "attestations": {},
  "execution_contract": {
    "execution_contract": {
      "schema": "ato.execution-contract/v1",
      "source": {
        "digest": "sha256:236337683393d65c6a911b62113c269d5853ec97ea6d876c560ac010889877f0",
        "projection_digest": "blake3:98363ebb40286d90163b7882a2db5dca4e2022d6b8792f37015b043006dee6cc"
      },
      "target": {
        "os": "linux",
        "architecture": "amd64",
        "abi": "gnu",
        "libc": "glibc"
      },
      "runtime": {
        "kind": "python",
        "digest": "sha256:db3ff2e1800a8581e2c48a27c3995339d47bdf046da21c7627accd3d51053a93",
        "dynamic_contract_digest": "blake3:ee4a774cbe0c995a668f619a24460fc6aacd245000bb8b88599172f2e7a61d2c"
      },
      "launch": {
        "argv": [
          "python3",
          "server.py",
          "--commit-label",
          "commit A with spaces"
        ],
        "cwd": "/app",
        "process_model_digest": "blake3:ab5b735c0b16c4e34e4976b342a14c5baff07ae544dafe7529572870724b47d1",
        "environment_policy_digest": "blake3:509a2efeb3c632e743194e94676bfaddbd182d57b4f10a5a609581c79279370e"
      },
      "filesystem": {
        "view_digest": "blake3:3f1e70a17fb61838f87df24fa47a7e2c8daa00d8d5f5c6e499cd6944f8f39bad",
        "topology_digest": "blake3:9d5f1f3c3522a26415bfc9b8374645704b6df3161d8ad2dcfd0995ce5693f4ca",
        "readonly_layers": [
          "blake3:3f1e70a17fb61838f87df24fa47a7e2c8daa00d8d5f5c6e499cd6944f8f39bad"
        ],
        "writable_paths": [
          "/run",
          "/tmp",
          "/var/tmp"
        ]
      },
      "policy": {
        "network_digest": "blake3:7bb92cc63f22b7dcfaee1ff5e12c653804b4098ea1eeecaf381a5d7e77cfa98e",
        "capability_digest": "blake3:a5792d728caabfdbe310e06c86b04eda5fe18654e857d26e3720eecfc9a29404",
        "filesystem_digest": "blake3:706416f08fe3406c0068692d284679ddddce4c71818fbd80eeb2643eba64e990"
      },
      "guest_surface": {
        "bind_address": "0.0.0.0",
        "protocol": "ato.web-surface.v1",
        "port": 8080
      }
    },
    "execution_id": "blake3:2e061a4965d0c936aa647f764cb7d122d2bdb04a53b52022358d22459355f6eb"
  }
}
